# This file is automatically @generated by Cargo.
# It is not intended for manual editing.
version = 4

[[package]]
name = "novai-codec"
version = "0.1.0"

[[package]]
name = "novai-crypto"
version = "0.1.0"

[[package]]
name = "novai-execution"
version = "0.1.0"

[[package]]
name = "novai-node"
version = "0.1.0"

[[package]]
name = "novai-p2p"
version = "0.1.0"

[[package]]
name = "novai-smt"
version = "0.1.0"

[[package]]
name = "novai-state"
version = "0.1.0"

[[package]]
name = "novai-types"
version = "0.1.0"
